{
    "version": 1,
    "plugin-version": "v2.1.1",
    "content-hash": "02e80265b0c363f58fe046f395818bb75232bf2b292d845cfb1ac9f6bbf8c347",
    "generated-at": "2026-08-26T14:32:26+00:00",
    "packages": [
        {
            "name": "php-modernization",
            "source": "netresearch/php-modernization-skill",
            "type": "github",
            "commit": "059ef3a8cfcca62767c8c002a1d2de78f57b34f0",
            "path": "skills/php-modernization",
            "checksum": "sha256:bd7beb6b069e80c4aec6581afdbba51fe33c4a464297adb126b20b876dc0cade",
            "install-path": "vendor/agent-skills/installed/php-modernization",
            "url": "https://github.com/netresearch/php-modernization-skill.git",
            "ref": "main",
            "metadata": {
                "description": "Use when modernizing PHP code: PHP 8.1-8.5 features, PSR/PHP-FIG/PER-CS compliance, PHPStan/Rector/PHP-CS-Fixer/PHPat tooling, DTOs/enums/readonly/property hooks, type safety. Triggers: PHP modernization, type safety, PHPStan, Rector, PHP-CS-Fixer, enum, DTO, readonly, strict_types, property hooks, PHP 8.4, PHP 8.5.",
                "schema": "SKILL.md"
            }
        }
    ]
}
